%{"decimal": {:hex, :decimal, "1.1.0"},
  "ecto": {:hex, :ecto, "0.9.0"},
  "ecto_migrate": {:git, "https://github.com/xerions/ecto_migrate", "9ff635ff14090aabe428f0885cc28a0d479b5c9b", []},
  "mariaex": {:hex, :mariaex, "0.1.1"},
  "poolboy": {:hex, :poolboy, "1.4.2"},
  "postgrex": {:hex, :postgrex, "0.8.0"}}
